
Microsoft Visual Studio Solution File, Format Version 12.00
# Visual Studio 2013
VisualStudioVersion = 12.0.31101.0
MinimumVisualStudioVersion = 10.0.40219.1
Project("{FAE04EC0-301F-11D3-BF4B-00C04F79EFBC}") = "Stolovka.Objects", "../../src/Stolovka/Objects/Stolovka.Objects.csproj", "{99AB9863-9DF4-400C-AFE0-5CC0FFD15E2F}"
EndProject
Project("{FAE04EC0-301F-11D3-BF4B-00C04F79EFBC}") = "Stolovka.ODataBackend", "../../src/Stolovka/ODataBackend/Stolovka.ODataBackend.csproj", "{EA903574-4493-400A-B2F4-519CC78B911C}"
EndProject
Global
	GlobalSection(SolutionConfigurationPlatforms) = preSolution
Debug|Any CPU = Debug|Any CPU
Release|Any CPU = Release|Any CPU
	EndGlobalSection
	GlobalSection(ProjectConfigurationPlatforms) = postSolution
		{99AB9863-9DF4-400C-AFE0-5CC0FFD15E2F}.Debug|Any CPU.ActiveCfg = Debug|Any CPU
		{99AB9863-9DF4-400C-AFE0-5CC0FFD15E2F}.Debug|Any CPU.Build.0 = Debug|Any CPU
		{99AB9863-9DF4-400C-AFE0-5CC0FFD15E2F}.Release|Any CPU.ActiveCfg = Release|Any CPU
		{99AB9863-9DF4-400C-AFE0-5CC0FFD15E2F}.Release|Any CPU.Build.0 = Release|Any CPU
		{EA903574-4493-400A-B2F4-519CC78B911C}.Debug|Any CPU.ActiveCfg = Debug|Any CPU
		{EA903574-4493-400A-B2F4-519CC78B911C}.Debug|Any CPU.Build.0 = Debug|Any CPU
		{EA903574-4493-400A-B2F4-519CC78B911C}.Release|Any CPU.ActiveCfg = Release|Any CPU
		{EA903574-4493-400A-B2F4-519CC78B911C}.Release|Any CPU.Build.0 = Release|Any CPU
	EndGlobalSection
	GlobalSection(SolutionProperties) = preSolution
		HideSolutionNode = FALSE
	EndGlobalSection
EndGlobal
